
Microsoft Visual Studio Solution File, Format Version 12.00
# Visual Studio 15
VisualStudioVersion = 15.0.27130.2003
MinimumVisualStudioVersion = 10.0.40219.1
Project("{FAE04EC0-301F-11D3-BF4B-00C04F79EFBC}") = "SWPLE_Lab8_ATM_Interface", "SWPLE_Lab8_ATM_Interface\SWPLE_Lab8_ATM_Interface.csproj", "{0D5E73B4-8296-4A19-9A09-A365F400CADE}"
EndProject
Global
	GlobalSection(SolutionConfigurationPlatforms) = preSolution
		Debug|Any CPU = Debug|Any CPU
		Release|Any CPU = Release|Any CPU
	EndGlobalSection
	GlobalSection(ProjectConfigurationPlatforms) = postSolution
		{0D5E73B4-8296-4A19-9A09-A365F400CADE}.Debug|Any CPU.ActiveCfg = Debug|Any CPU
		{0D5E73B4-8296-4A19-9A09-A365F400CADE}.Debug|Any CPU.Build.0 = Debug|Any CPU
		{0D5E73B4-8296-4A19-9A09-A365F400CADE}.Release|Any CPU.ActiveCfg = Release|Any CPU
		{0D5E73B4-8296-4A19-9A09-A365F400CADE}.Release|Any CPU.Build.0 = Release|Any CPU
	EndGlobalSection
	GlobalSection(SolutionProperties) = preSolution
		HideSolutionNode = FALSE
	EndGlobalSection
	GlobalSection(ExtensibilityGlobals) = postSolution
		SolutionGuid = {C2F0D988-6B92-4FF8-B862-80D66A8C651D}
	EndGlobalSection
EndGlobal
